// !$*UTF8*$!
{
	archiveVersion = 1;
	classes = {
	};
	objectVersion = 50;
	objects = {

/* Begin PBXBuildFile section */
		EEEAA7762272F15A00819DA1 /* AppDelegate.swift in Sources */ = {isa = PBXBuildFile; fileRef = EEEAA7752272F15A00819DA1 /* AppDelegate.swift */; };
		EEEAA7782272F15A00819DA1 /* ViewController.swift in Sources */ = {isa = PBXBuildFile; fileRef = EEEAA7772272F15A00819DA1 /* ViewController.swift */; };
		EEEAA77B2272F15A00819DA1 /* Main.storyboard in Resources */ = {isa = PBXBuildFile; fileRef = EEEAA7792272F15A00819DA1 /* Main.storyboard */; };
		EEEAA77D2272F15B00819DA1 /* Assets.xcassets in Resources */ = {isa = PBXBuildFile; fileRef = EEEAA77C2272F15B00819DA1 /* Assets.xcassets */; };
		EEEAA7802272F15B00819DA1 /* LaunchScreen.storyboard in Resources */ = {isa = PBXBuildFile; fileRef = EEEAA77E2272F15B00819DA1 /* LaunchScreen.storyboard */; };
		EEEAA7882272F29800819DA1 /* WrongAutorizationViewController.swift in Sources */ = {isa = PBXBuildFile; fileRef = EEEAA7872272F29800819DA1 /* WrongAutorizationViewController.swift */; };
		EEEAA78A2272F31700819DA1 /* SummaryViewController.swift in Sources */ = {isa = PBXBuildFile; fileRef = EEEAA7892272F31700819DA1 /* SummaryViewController.swift */; };
/* End PBXBuildFile section */

/* Begin PBXFileReference section */
		EEEAA7722272F15A00819DA1 /* mySummary.app */ = {isa = PBXFileReference; explicitFileType = wrapper.application; includeInIndex = 0; path = mySummary.app; sourceTree = BUILT_PRODUCTS_DIR; };
		EEEAA7752272F15A00819DA1 /* AppDelegate.swift */ = {isa = PBXFileReference; lastKnownFileType = sourcecode.swift; path = AppDelegate.swift; sourceTree = "<group>"; };
		EEEAA7772272F15A00819DA1 /* ViewController.swift */ = {isa = PBXFileReference; lastKnownFileType = sourcecode.swift; path = ViewController.swift; sourceTree = "<group>"; };
		EEEAA77A2272F15A00819DA1 /* Base */ = {isa = PBXFileReference; lastKnownFileType = file.storyboard; name = Base; path = Base.lproj/Main.storyboard; sourceTree = "<group>"; };
		EEEAA77C2272F15B00819DA1 /* Assets.xcassets */ = {isa = PBXFileReference; lastKnownFileType = folder.assetcatalog; path = Assets.xcassets; sourceTree = "<group>"; };
		EEEAA77F2272F15B00819DA1 /* Base */ = {isa = PBXFileReference; lastKnownFileType = file.storyboard; name = Base; path = Base.lproj/LaunchScreen.storyboard; sourceTree = "<group>"; };
		EEEAA7812272F15B00819DA1 /* Info.plist */ = {isa = PBXFileReference; lastKnownFileType = text.plist.xml; path = Info.plist; sourceTree = "<group>"; };
		EEEAA7872272F29800819DA1 /* WrongAutorizationViewController.swift */ = {isa = PBXFileReference; lastKnownFileType = sourcecode.swift; path = WrongAutorizationViewController.swift; sourceTree = "<group>"; };
		EEEAA7892272F31700819DA1 /* SummaryViewController.swift */ = {isa = PBXFileReference; lastKnownFileType = sourcecode.swift; path = SummaryViewController.swift; sourceTree = "<group>"; };
/* End PBXFileReference section */

/* Begin PBXFrameworksBuildPhase section */
		EEEAA76F2272F15A00819DA1 /* Frameworks */ = {
			isa = PBXFrameworksBuildPhase;
			buildActionMask = 2147483647;
			files = (
			);
			runOnlyForDeploymentPostprocessing = 0;
		};
/* End PBXFrameworksBuildPhase section */

/* Begin PBXGroup section */
		EEEAA7692272F15A00819DA1 = {
			isa = PBXGroup;
			children = (
				EEEAA7742272F15A00819DA1 /* mySummary */,
				EEEAA7732272F15A00819DA1 /* Products */,
			);
			sourceTree = "<group>";
		};
		EEEAA7732272F15A00819DA1 /* Products */ = {
			isa = PBXGroup;
			children = (
				EEEAA7722272F15A00819DA1 /* mySummary.app */,
			);
			name = Products;
			sourceTree = "<group>";
		};
		EEEAA7742272F15A00819DA1 /* mySummary */ = {
			isa = PBXGroup;
			children = (
				EEEAA7752272F15A00819DA1 /* AppDelegate.swift */,
				EEEAA7772272F15A00819DA1 /* ViewController.swift */,
				EEEAA7792272F15A00819DA1 /* Main.storyboard */,
				EEEAA7892272F31700819DA1 /* SummaryViewController.swift */,
				EEEAA7872272F29800819DA1 /* WrongAutorizationViewController.swift */,
				EEEAA77C2272F15B00819DA1 /* Assets.xcassets */,
				EEEAA77E2272F15B00819DA1 /* LaunchScreen.storyboard */,
				EEEAA7812272F15B00819DA1 /* Info.plist */,
			);
			path = mySummary;
			sourceTree = "<group>";
		};
/* End PBXGroup section */

/* Begin PBXNativeTarget section */
		EEEAA7712272F15A00819DA1 /* mySummary */ = {
			isa = PBXNativeTarget;
			buildConfigurationList = EEEAA7842272F15B00819DA1 /* Build configuration list for PBXNativeTarget "mySummary" */;
			buildPhases = (
				EEEAA76E2272F15A00819DA1 /* Sources */,
				EEEAA76F2272F15A00819DA1 /* Frameworks */,
				EEEAA7702272F15A00819DA1 /* Resources */,
			);
			buildRules = (
			);
			dependencies = (
			);
			name = mySummary;
			productName = mySummary;
			productReference = EEEAA7722272F15A00819DA1 /* mySummary.app */;
			productType = "com.apple.product-type.application";
		};
/* End PBXNativeTarget section */

/* Begin PBXProject section */
		EEEAA76A2272F15A00819DA1 /* Project object */ = {
			isa = PBXProject;
			attributes = {
				LastSwiftUpdateCheck = 1020;
				LastUpgradeCheck = 1020;
				ORGANIZATIONNAME = "Andry Pro";
				TargetAttributes = {
					EEEAA7712272F15A00819DA1 = {
						CreatedOnToolsVersion = 10.2.1;
					};
				};
			};
			buildConfigurationList = EEEAA76D2272F15A00819DA1 /* Build configuration list for PBXProject "mySummary" */;
			compatibilityVersion = "Xcode 9.3";
			developmentRegion = en;
			hasScannedForEncodings = 0;
			knownRegions = (
				en,
				Base,
			);
			mainGroup = EEEAA7692272F15A00819DA1;
			productRefGroup = EEEAA7732272F15A00819DA1 /* Products */;
			projectDirPath = "";
			projectRoot = "";
			targets = (
				EEEAA7712272F15A00819DA1 /* mySummary */,
			);
		};
/* End PBXProject section */

/* Begin PBXResourcesBuildPhase section */
		EEEAA7702272F15A00819DA1 /* Resources */ = {
			isa = PBXResourcesBuildPhase;
			buildActionMask = 2147483647;
			files = (
				EEEAA7802272F15B00819DA1 /* LaunchScreen.storyboard in Resources */,
				EEEAA77D2272F15B00819DA1 /* Assets.xcassets in Resources */,
				EEEAA77B2272F15A00819DA1 /* Main.storyboard in Resources */,
			);
			runOnlyForDeploymentPostprocessing = 0;
		};
/* End PBXResourcesBuildPhase section */

/* Begin PBXSourcesBuildPhase section */
		EEEAA76E2272F15A00819DA1 /* Sources */ = {
			isa = PBXSourcesBuildPhase;
			buildActionMask = 2147483647;
			files = (
				EEEAA7782272F15A00819DA1 /* ViewController.swift in Sources */,
				EEEAA7882272F29800819DA1 /* WrongAutorizationViewController.swift in Sources */,
				EEEAA7762272F15A00819DA1 /* AppDelegate.swift in Sources */,
				EEEAA78A2272F31700819DA1 /* SummaryViewController.swift in Sources */,
			);
			runOnlyForDeploymentPostprocessing = 0;
		};
/* End PBXSourcesBuildPhase section */

/* Begin PBXVariantGroup section */
		EEEAA7792272F15A00819DA1 /* Main.storyboard */ = {
			isa = PBXVariantGroup;
			children = (
				EEEAA77A2272F15A00819DA1 /* Base */,
			);
			name = Main.storyboard;
			sourceTree = "<group>";
		};
		EEEAA77E2272F15B00819DA1 /* LaunchScreen.storyboard */ = {
			isa = PBXVariantGroup;
			children = (
				EEEAA77F2272F15B00819DA1 /* Base */,
			);
			name = LaunchScreen.storyboard;
			sourceTree = "<group>";
		};
/* End PBXVariantGroup section */

/* Begin XCBuildConfiguration section */
		EEEAA7822272F15B00819DA1 /* Debug */ = {
			isa = XCBuildConfiguration;
			buildSettings = {
				ALWAYS_SEARCH_USER_PATHS = NO;
				CLANG_ANALYZER_NONNULL = YES;
				CLANG_ANALYZER_NUMBER_OBJECT_CONVERSION = YES_AGGRESSIVE;
				CLANG_CXX_LANGUAGE_STANDARD = "gnu++14";
				CLANG_CXX_LIBRARY = "libc++";
				CLANG_ENABLE_MODULES = YES;
				CLANG_ENABLE_OBJC_ARC = YES;
				CLANG_ENABLE_OBJC_WEAK = YES;
				CLANG_WARN_BLOCK_CAPTURE_AUTORELEASING = YES;
				CLANG_WARN_BOOL_CONVERSION = YES;
				CLANG_WARN_COMMA = YES;
				CLANG_WARN_CONSTANT_CONVERSION = YES;
				CLANG_WARN_DEPRECATED_OBJC_IMPLEMENTATIONS = YES;
				CLANG_WARN_DIRECT_OBJC_ISA_USAGE = YES_ERROR;
				CLANG_WARN_DOCUMENTATION_COMMENTS = YES;
				CLANG_WARN_EMPTY_BODY = YES;
				CLANG_WARN_ENUM_CONVERSION = YES;
				CLANG_WARN_INFINITE_RECURSION = YES;
				CLANG_WARN_INT_CONVERSION = YES;
				CLANG_WARN_NON_LITERAL_NULL_CONVERSION = YES;
				CLANG_WARN_OBJC_IMPLICIT_RETAIN_SELF = YES;
				CLANG_WARN_OBJC_LITERAL_CONVERSION = YES;
				CLANG_WARN_OBJC_ROOT_CLASS = YES_ERROR;
				CLANG_WARN_RANGE_LOOP_ANALYSIS = YES;
				CLANG_WARN_STRICT_PROTOTYPES = YES;
				CLANG_WARN_SUSPICIOUS_MOVE = YES;
				CLANG_WARN_UNGUARDED_AVAILABILITY = YES_AGGRESSIVE;
				CLANG_WARN_UNREACHABLE_CODE = YES;
				CLANG_WARN__DUPLICATE_METHOD_MATCH = YES;
				CODE_SIGN_IDENTITY = "iPhone Developer";
				COPY_PHASE_STRIP = NO;
				DEBUG_INFORMATION_FORMAT = dwarf;
				ENABLE_STRICT_OBJC_MSGSEND = YES;
				ENABLE_TESTABILITY = YES;
				GCC_C_LANGUAGE_STANDARD = gnu11;
				GCC_DYNAMIC_NO_PIC = NO;
				GCC_NO_COMMON_BLOCKS = YES;
				GCC_OPTIMIZATION_LEVEL = 0;
				GCC_PREPROCESSOR_DEFINITIONS = (
					"DEBUG=1",
					"$(inherited)",
				);
				GCC_WARN_64_TO_32_BIT_CONVERSION = YES;
				GCC_WARN_ABOUT_RETURN_TYPE = YES_ERROR;
				GCC_WARN_UNDECLARED_SELECTOR = YES;
				GCC_WARN_UNINITIALIZED_AUTOS = YES_AGGRESSIVE;
				GCC_WARN_UNUSED_FUNCTION = YES;
				GCC_WARN_UNUSED_VARIABLE = YES;
				IPHONEOS_DEPLOYMENT_TARGET = 12.2;
				MTL_ENABLE_DEBUG_INFO = INCLUDE_SOURCE;
				MTL_FAST_MATH = YES;
				ONLY_ACTIVE_ARCH = YES;
				SDKROOT = iphoneos;
				SWIFT_ACTIVE_COMPILATION_CONDITIONS = DEBUG;
				SWIFT_OPTIMIZATION_LEVEL = "-Onone";
			};
			name = Debug;
		};
		EEEAA7832272F15B00819DA1 /* Release */ = {
			isa = XCBuildConfiguration;
			buildSettings = {
				ALWAYS_SEARCH_USER_PATHS = NO;
				CLANG_ANALYZER_NONNULL = YES;
				CLANG_ANALYZER_NUMBER_OBJECT_CONVERSION = YES_AGGRESSIVE;
				CLANG_CXX_LANGUAGE_STANDARD = "gnu++14";
				CLANG_CXX_LIBRARY = "libc++";
				CLANG_ENABLE_MODULES = YES;
				CLANG_ENABLE_OBJC_ARC = YES;
				CLANG_ENABLE_OBJC_WEAK = YES;
				CLANG_WARN_BLOCK_CAPTURE_AUTORELEASING = YES;
				CLANG_WARN_BOOL_CONVERSION = YES;
				CLANG_WARN_COMMA = YES;
				CLANG_WARN_CONSTANT_CONVERSION = YES;
				CLANG_WARN_DEPRECATED_OBJC_IMPLEMENTATIONS = YES;
				CLANG_WARN_DIRECT_OBJC_ISA_USAGE = YES_ERROR;
				CLANG_WARN_DOCUMENTATION_COMMENTS = YES;
				CLANG_WARN_EMPTY_BODY = YES;
				CLANG_WARN_ENUM_CONVERSION = YES;
				CLANG_WARN_INFINITE_RECURSION = YES;
				CLANG_WARN_INT_CONVERSION = YES;
				CLANG_WARN_NON_LITERAL_NULL_CONVERSION = YES;
				CLANG_WARN_OBJC_IMPLICIT_RETAIN_SELF = YES;
				CLANG_WARN_OBJC_LITERAL_CONVERSION = YES;
				CLANG_WARN_OBJC_ROOT_CLASS = YES_ERROR;
				CLANG_WARN_RANGE_LOOP_ANALYSIS = YES;
				CLANG_WARN_STRICT_PROTOTYPES = YES;
				CLANG_WARN_SUSPICIOUS_MOVE = YES;
				CLANG_WARN_UNGUARDED_AVAILABILITY = YES_AGGRESSIVE;
				CLANG_WARN_UNREACHABLE_CODE = YES;
				CLANG_WARN__DUPLICATE_METHOD_MATCH = YES;
				CODE_SIGN_IDENTITY = "iPhone Developer";
				COPY_PHASE_STRIP = NO;
				DEBUG_INFORMATION_FORMAT = "dwarf-with-dsym";
				ENABLE_NS_ASSERTIONS = NO;
				ENABLE_STRICT_OBJC_MSGSEND = YES;
				GCC_C_LANGUAGE_STANDARD = gnu11;
				GCC_NO_COMMON_BLOCKS = YES;
				GCC_WARN_64_TO_32_BIT_CONVERSION = YES;
				GCC_WARN_ABOUT_RETURN_TYPE = YES_ERROR;
				GCC_WARN_UNDECLARED_SELECTOR = YES;
				GCC_WARN_UNINITIALIZED_AUTOS = YES_AGGRESSIVE;
				GCC_WARN_UNUSED_FUNCTION = YES;
				GCC_WARN_UNUSED_VARIABLE = YES;
				IPHONEOS_DEPLOYMENT_TARGET = 12.2;
				MTL_ENABLE_DEBUG_INFO = NO;
				MTL_FAST_MATH = YES;
				SDKROOT = iphoneos;
				SWIFT_COMPILATION_MODE = wholemodule;
				SWIFT_OPTIMIZATION_LEVEL = "-O";
				VALIDATE_PRODUCT = YES;
			};
			name = Release;
		};
		EEEAA7852272F15B00819DA1 /* Debug */ = {
			isa = XCBuildConfiguration;
			buildSettings = {
				ASSETCATALOG_COMPILER_APPICON_NAME = AppIcon;
				CODE_SIGN_STYLE = Automatic;
				DEVELOPMENT_TEAM = DK456C5V8U;
				INFOPLIST_FILE = mySummary/Info.plist;
				LD_RUNPATH_SEARCH_PATHS = (
					"$(inherited)",
					"@executable_path/Frameworks",
				);
				PRODUCT_BUNDLE_IDENTIFIER = Fline.mySummary;
				PRODUCT_NAME = "$(TARGET_NAME)";
				SWIFT_VERSION = 5.0;
				TARGETED_DEVICE_FAMILY = "1,2";
			};
			name = Debug;
		};
		EEEAA7862272F15B00819DA1 /* Release */ = {
			isa = XCBuildConfiguration;
			buildSettings = {
				ASSETCATALOG_COMPILER_APPICON_NAME = AppIcon;
				CODE_SIGN_STYLE = Automatic;
				DEVELOPMENT_TEAM = DK456C5V8U;
				INFOPLIST_FILE = mySummary/Info.plist;
				LD_RUNPATH_SEARCH_PATHS = (
					"$(inherited)",
					"@executable_path/Frameworks",
				);
				PRODUCT_BUNDLE_IDENTIFIER = Fline.mySummary;
				PRODUCT_NAME = "$(TARGET_NAME)";
				SWIFT_VERSION = 5.0;
				TARGETED_DEVICE_FAMILY = "1,2";
			};
			name = Release;
		};
/* End XCBuildConfiguration section */

/* Begin XCConfigurationList section */
		EEEAA76D2272F15A00819DA1 /* Build configuration list for PBXProject "mySummary" */ = {
			isa = XCConfigurationList;
			buildConfigurations = (
				EEEAA7822272F15B00819DA1 /* Debug */,
				EEEAA7832272F15B00819DA1 /* Release */,
			);
			defaultConfigurationIsVisible = 0;
			defaultConfigurationName = Release;
		};
		EEEAA7842272F15B00819DA1 /* Build configuration list for PBXNativeTarget "mySummary" */ = {
			isa = XCConfigurationList;
			buildConfigurations = (
				EEEAA7852272F15B00819DA1 /* Debug */,
				EEEAA7862272F15B00819DA1 /* Release */,
			);
			defaultConfigurationIsVisible = 0;
			defaultConfigurationName = Release;
		};
/* End XCConfigurationList section */
	};
	rootObject = EEEAA76A2272F15A00819DA1 /* Project object */;
}
